<?xml version="1.0" encoding="utf-8"?>
<Project ToolsVersion="4.0" xmlns="http://schemas.microsoft.com/developer/msbuild/2003">
  <ItemGroup>
    <Filter Include="源文件">
      <UniqueIdentifier>{4FC737F1-C7A5-4376-A066-2A32D752A2FF}</UniqueIdentifier>
      <Extensions>cpp;c;cc;cxx;c++;cppm;ixx;def;odl;idl;hpj;bat;asm;asmx</Extensions>
    </Filter>
    <Filter Include="头文件">
      <UniqueIdentifier>{93995380-89BD-4b04-88EB-625FBE52EBFB}</UniqueIdentifier>
      <Extensions>h;hh;hpp;hxx;h++;hm;inl;inc;ipp;xsd</Extensions>
    </Filter>
    <Filter Include="资源文件">
      <UniqueIdentifier>{67DA6AB6-F800-4c08-8B7A-83BB121AAD01}</UniqueIdentifier>
      <Extensions>rc;ico;cur;bmp;dlg;rc2;rct;bin;rgs;gif;jpg;jpeg;jpe;resx;tiff;tif;png;wav;mfcribbon-ms</Extensions>
    </Filter>
    <Filter Include="源文件\image">
      <UniqueIdentifier>{725911df-959e-4488-96db-e0634a822801}</UniqueIdentifier>
    </Filter>
    <Filter Include="源文件\sounds">
      <UniqueIdentifier>{bc90c0b1-b13d-4139-8828-cb9c3a00cff3}</UniqueIdentifier>
    </Filter>
  </ItemGroup>
  <ItemGroup>
    <ClCompile Include="源.cpp">
      <Filter>源文件</Filter>
    </ClCompile>
  </ItemGroup>
  <ItemGroup>
    <ClInclude Include="general.h">
      <Filter>头文件</Filter>
    </ClInclude>
    <ClInclude Include="menu.h">
      <Filter>头文件</Filter>
    </ClInclude>
    <ClInclude Include="resource.h">
      <Filter>头文件</Filter>
    </ClInclude>
  </ItemGroup>
  <ItemGroup>
    <Image Include="image\nightmares_bg.png">
      <Filter>源文件\image</Filter>
    </Image>
    <Image Include="image\character_001_isaac.png">
      <Filter>源文件\image</Filter>
    </Image>
    <Image Include="image\character_001_isaac_reverse.png">
      <Filter>源文件\image</Filter>
    </Image>
    <Image Include="image\character_001_isaac_b.png">
      <Filter>源文件\image</Filter>
    </Image>
    <Image Include="image\character_001_isaac_reverse_b.png">
      <Filter>源文件\image</Filter>
    </Image>
    <Image Include="image\apple.png">
      <Filter>源文件\image</Filter>
    </Image>
  </ItemGroup>
  <ItemGroup>
    <Text Include="todolist.txt" />
  </ItemGroup>
  <ItemGroup>
    <Media Include="sound\angel.wav">
      <Filter>源文件\sounds</Filter>
    </Media>
  </ItemGroup>
</Project>